
Microsoft Visual Studio Solution File, Format Version 12.00
# Visual Studio Version 17
VisualStudioVersion = 17.8.34330.188
MinimumVisualStudioVersion = 10.0.40219.1
Project("{FAE04EC0-301F-11D3-BF4B-00C04F79EFBC}") = "Condensador teste", "Condensador teste\Condensador teste.csproj", "{A9142F65-F3EB-410A-8EB6-8BA984B8904D}"
EndProject
Global
	GlobalSection(SolutionConfigurationPlatforms) = preSolution
		Debug|Any CPU = Debug|Any CPU
		Release|Any CPU = Release|Any CPU
	EndGlobalSection
	GlobalSection(ProjectConfigurationPlatforms) = postSolution
		{A9142F65-F3EB-410A-8EB6-8BA984B8904D}.Debug|Any CPU.ActiveCfg = Debug|Any CPU
		{A9142F65-F3EB-410A-8EB6-8BA984B8904D}.Debug|Any CPU.Build.0 = Debug|Any CPU
		{A9142F65-F3EB-410A-8EB6-8BA984B8904D}.Release|Any CPU.ActiveCfg = Release|Any CPU
		{A9142F65-F3EB-410A-8EB6-8BA984B8904D}.Release|Any CPU.Build.0 = Release|Any CPU
	EndGlobalSection
	GlobalSection(SolutionProperties) = preSolution
		HideSolutionNode = FALSE
	EndGlobalSection
	GlobalSection(ExtensibilityGlobals) = postSolution
		SolutionGuid = {6E6B7B32-4CE9-4210-97DF-0FC702294EE0}
	EndGlobalSection
EndGlobal
